
Microsoft Visual Studio Solution File, Format Version 12.00
# Visual Studio Version 17
VisualStudioVersion = 17.4.33213.308
MinimumVisualStudioVersion = 10.0.40219.1
Project("{FAE04EC0-301F-11D3-BF4B-00C04F79EFBC}") = "Ejercicio_1", "WindowsFormsApp3\Ejercicio_1.csproj", "{0B8E8A7F-925C-4A08-9B34-46558761AD49}"
EndProject
Project("{FAE04EC0-301F-11D3-BF4B-00C04F79EFBC}") = "Ejercicio_2", "Ejercicio_2\Ejercicio_2.csproj", "{34DF6680-0F1C-4176-89A8-7D7C4D741D44}"
EndProject
Global
	GlobalSection(SolutionConfigurationPlatforms) = preSolution
		Debug|Any CPU = Debug|Any CPU
		Release|Any CPU = Release|Any CPU
	EndGlobalSection
	GlobalSection(ProjectConfigurationPlatforms) = postSolution
		{0B8E8A7F-925C-4A08-9B34-46558761AD49}.Debug|Any CPU.ActiveCfg = Debug|Any CPU
		{0B8E8A7F-925C-4A08-9B34-46558761AD49}.Debug|Any CPU.Build.0 = Debug|Any CPU
		{0B8E8A7F-925C-4A08-9B34-46558761AD49}.Release|Any CPU.ActiveCfg = Release|Any CPU
		{0B8E8A7F-925C-4A08-9B34-46558761AD49}.Release|Any CPU.Build.0 = Release|Any CPU
		{34DF6680-0F1C-4176-89A8-7D7C4D741D44}.Debug|Any CPU.ActiveCfg = Debug|Any CPU
		{34DF6680-0F1C-4176-89A8-7D7C4D741D44}.Debug|Any CPU.Build.0 = Debug|Any CPU
		{34DF6680-0F1C-4176-89A8-7D7C4D741D44}.Release|Any CPU.ActiveCfg = Release|Any CPU
		{34DF6680-0F1C-4176-89A8-7D7C4D741D44}.Release|Any CPU.Build.0 = Release|Any CPU
	EndGlobalSection
	GlobalSection(SolutionProperties) = preSolution
		HideSolutionNode = FALSE
	EndGlobalSection
	GlobalSection(ExtensibilityGlobals) = postSolution
		SolutionGuid = {DFFEA845-8E1C-48EB-B603-73AEE1521594}
	EndGlobalSection
EndGlobal
